
Microsoft Visual Studio Solution File, Format Version 12.00
# Visual Studio Version 17
VisualStudioVersion = 17.0.31815.197
MinimumVisualStudioVersion = 16.0.29201.188
Project("{2150E333-8FDC-42A3-9474-1A3956D46DE8}") = "Solution Items", "Solution Items", "{CDCDDCD6-6958-4352-AF0C-C589ECD51C0D}"
	ProjectSection(SolutionItems) = preProject
		appveyor.yml = appveyor.yml
		Directory.Build.props = Directory.Build.props
		mdsnippets.json = mdsnippets.json
		..\readme.md = ..\readme.md
		.config\dotnet-tools.json = .config\dotnet-tools.json
		global.json = global.json
	EndProjectSection
EndProject
Project("{9A19103F-16F7-4668-BE54-9A1E7A4F7556}") = "Cymbal", "Cymbal\Cymbal.csproj", "{23FA87B2-180C-4940-8225-B979CEF08312}"
EndProject
Project("{9A19103F-16F7-4668-BE54-9A1E7A4F7556}") = "SampleApp", "SampleApp\SampleApp.csproj", "{402E22F6-0A79-4600-9202-8B89D6B87C3A}"
EndProject
Project("{9A19103F-16F7-4668-BE54-9A1E7A4F7556}") = "Tests", "Tests\Tests.csproj", "{E49A9CD5-5427-42F4-AA20-A8356A2B782E}"
	ProjectSection(ProjectDependencies) = postProject
		{402E22F6-0A79-4600-9202-8B89D6B87C3A} = {402E22F6-0A79-4600-9202-8B89D6B87C3A}
	EndProjectSection
EndProject
Project("{FAE04EC0-301F-11D3-BF4B-00C04F79EFBC}") = "AssemblyWithPdb", "AssemblyWithPdb\AssemblyWithPdb.csproj", "{58B685C4-5A68-49A6-8567-6A85A3C592AE}"
EndProject
Project("{FAE04EC0-301F-11D3-BF4B-00C04F79EFBC}") = "AssemblyWithNoSymbols", "AssemblyWithNoSymbols\AssemblyWithNoSymbols.csproj", "{C0720E69-F712-43B3-92D8-9E7133422208}"
EndProject
Project("{FAE04EC0-301F-11D3-BF4B-00C04F79EFBC}") = "AssemblyWithEmbeddedSymbols", "AssemblyWithEmbeddedSymbols\AssemblyWithEmbeddedSymbols.csproj", "{F82D5FF7-862A-4A4A-B50F-EB340D796A49}"
EndProject
Project("{FAE04EC0-301F-11D3-BF4B-00C04F79EFBC}") = "SampleWithSymbolServer", "SampleWithSymbolServer\SampleWithSymbolServer.csproj", "{CC9579A9-318E-48B2-B189-BB74CEC279C3}"
EndProject
Global
	GlobalSection(SolutionConfigurationPlatforms) = preSolution
		Debug|Any CPU = Debug|Any CPU
		IncludeTask|Any CPU = IncludeTask|Any CPU
		Release|Any CPU = Release|Any CPU
	EndGlobalSection
	GlobalSection(ProjectConfigurationPlatforms) = postSolution
		{23FA87B2-180C-4940-8225-B979CEF08312}.Debug|Any CPU.ActiveCfg = Debug|Any CPU
		{23FA87B2-180C-4940-8225-B979CEF08312}.Debug|Any CPU.Build.0 = Debug|Any CPU
		{23FA87B2-180C-4940-8225-B979CEF08312}.IncludeTask|Any CPU.ActiveCfg = IncludeTask|Any CPU
		{23FA87B2-180C-4940-8225-B979CEF08312}.IncludeTask|Any CPU.Build.0 = IncludeTask|Any CPU
		{23FA87B2-180C-4940-8225-B979CEF08312}.Release|Any CPU.ActiveCfg = Release|Any CPU
		{23FA87B2-180C-4940-8225-B979CEF08312}.Release|Any CPU.Build.0 = Release|Any CPU
		{402E22F6-0A79-4600-9202-8B89D6B87C3A}.Debug|Any CPU.ActiveCfg = Debug|Any CPU
		{402E22F6-0A79-4600-9202-8B89D6B87C3A}.Debug|Any CPU.Build.0 = Debug|Any CPU
		{402E22F6-0A79-4600-9202-8B89D6B87C3A}.IncludeTask|Any CPU.ActiveCfg = IncludeTask|Any CPU
		{402E22F6-0A79-4600-9202-8B89D6B87C3A}.IncludeTask|Any CPU.Build.0 = IncludeTask|Any CPU
		{402E22F6-0A79-4600-9202-8B89D6B87C3A}.Release|Any CPU.ActiveCfg = Release|Any CPU
		{402E22F6-0A79-4600-9202-8B89D6B87C3A}.Release|Any CPU.Build.0 = Release|Any CPU
		{E49A9CD5-5427-42F4-AA20-A8356A2B782E}.Debug|Any CPU.ActiveCfg = Debug|Any CPU
		{E49A9CD5-5427-42F4-AA20-A8356A2B782E}.Debug|Any CPU.Build.0 = Debug|Any CPU
		{E49A9CD5-5427-42F4-AA20-A8356A2B782E}.IncludeTask|Any CPU.ActiveCfg = IncludeTask|Any CPU
		{E49A9CD5-5427-42F4-AA20-A8356A2B782E}.IncludeTask|Any CPU.Build.0 = IncludeTask|Any CPU
		{E49A9CD5-5427-42F4-AA20-A8356A2B782E}.Release|Any CPU.ActiveCfg = Release|Any CPU
		{E49A9CD5-5427-42F4-AA20-A8356A2B782E}.Release|Any CPU.Build.0 = Release|Any CPU
		{58B685C4-5A68-49A6-8567-6A85A3C592AE}.Debug|Any CPU.ActiveCfg = Debug|Any CPU
		{58B685C4-5A68-49A6-8567-6A85A3C592AE}.Debug|Any CPU.Build.0 = Debug|Any CPU
		{58B685C4-5A68-49A6-8567-6A85A3C592AE}.IncludeTask|Any CPU.ActiveCfg = IncludeTask|Any CPU
		{58B685C4-5A68-49A6-8567-6A85A3C592AE}.IncludeTask|Any CPU.Build.0 = IncludeTask|Any CPU
		{58B685C4-5A68-49A6-8567-6A85A3C592AE}.Release|Any CPU.ActiveCfg = Release|Any CPU
		{58B685C4-5A68-49A6-8567-6A85A3C592AE}.Release|Any CPU.Build.0 = Release|Any CPU
		{C0720E69-F712-43B3-92D8-9E7133422208}.Debug|Any CPU.ActiveCfg = Debug|Any CPU
		{C0720E69-F712-43B3-92D8-9E7133422208}.Debug|Any CPU.Build.0 = Debug|Any CPU
		{C0720E69-F712-43B3-92D8-9E7133422208}.IncludeTask|Any CPU.ActiveCfg = IncludeTask|Any CPU
		{C0720E69-F712-43B3-92D8-9E7133422208}.IncludeTask|Any CPU.Build.0 = IncludeTask|Any CPU
		{C0720E69-F712-43B3-92D8-9E7133422208}.Release|Any CPU.ActiveCfg = Release|Any CPU
		{C0720E69-F712-43B3-92D8-9E7133422208}.Release|Any CPU.Build.0 = Release|Any CPU
		{F82D5FF7-862A-4A4A-B50F-EB340D796A49}.Debug|Any CPU.ActiveCfg = Debug|Any CPU
		{F82D5FF7-862A-4A4A-B50F-EB340D796A49}.Debug|Any CPU.Build.0 = Debug|Any CPU
		{F82D5FF7-862A-4A4A-B50F-EB340D796A49}.IncludeTask|Any CPU.ActiveCfg = IncludeTask|Any CPU
		{F82D5FF7-862A-4A4A-B50F-EB340D796A49}.IncludeTask|Any CPU.Build.0 = IncludeTask|Any CPU
		{F82D5FF7-862A-4A4A-B50F-EB340D796A49}.Release|Any CPU.ActiveCfg = Release|Any CPU
		{F82D5FF7-862A-4A4A-B50F-EB340D796A49}.Release|Any CPU.Build.0 = Release|Any CPU
		{CC9579A9-318E-48B2-B189-BB74CEC279C3}.Debug|Any CPU.ActiveCfg = Debug|Any CPU
		{CC9579A9-318E-48B2-B189-BB74CEC279C3}.Debug|Any CPU.Build.0 = Debug|Any CPU
		{CC9579A9-318E-48B2-B189-BB74CEC279C3}.IncludeTask|Any CPU.ActiveCfg = IncludeTask|Any CPU
		{CC9579A9-318E-48B2-B189-BB74CEC279C3}.IncludeTask|Any CPU.Build.0 = IncludeTask|Any CPU
		{CC9579A9-318E-48B2-B189-BB74CEC279C3}.Release|Any CPU.ActiveCfg = Release|Any CPU
		{CC9579A9-318E-48B2-B189-BB74CEC279C3}.Release|Any CPU.Build.0 = Release|Any CPU
	EndGlobalSection
	GlobalSection(SolutionProperties) = preSolution
		HideSolutionNode = FALSE
	EndGlobalSection
	GlobalSection(ExtensibilityGlobals) = postSolution
		SolutionGuid = {0FE54436-4FAF-48C4-BE04-48D08110A1FD}
	EndGlobalSection
EndGlobal
